
Microsoft Visual Studio Solution File, Format Version 12.00
# Visual Studio Version 17
VisualStudioVersion = 17.5.002.0
MinimumVisualStudioVersion = 10.0.40219.1
Project("{9A19103F-16F7-4668-BE54-9A1E7A4F7556}") = "StudyPortal.API", "StudyPortal.API\StudyPortal.API.csproj", "{9CC6CF0D-6AEA-4B9A-A8CA-5FA680FF8CF0}"
EndProject
Project("{9A19103F-16F7-4668-BE54-9A1E7A4F7556}") = "StudyPortal.Console", "StudyPortal.Console\StudyPortal.Console.csproj", "{7AE59B41-CF0A-407B-BD45-9CA7FEBBBD99}"
EndProject
Project("{9A19103F-16F7-4668-BE54-9A1E7A4F7556}") = "StudyPortal.Test", "StudyPortal.Test\StudyPortal.Test.csproj", "{7CDE9A07-D621-49B6-8466-E0F77F9ED6C7}"
EndProject
Global
	GlobalSection(SolutionConfigurationPlatforms) = preSolution
		Debug|Any CPU = Debug|Any CPU
		Release|Any CPU = Release|Any CPU
	EndGlobalSection
	GlobalSection(ProjectConfigurationPlatforms) = postSolution
		{9CC6CF0D-6AEA-4B9A-A8CA-5FA680FF8CF0}.Debug|Any CPU.ActiveCfg = Debug|Any CPU
		{9CC6CF0D-6AEA-4B9A-A8CA-5FA680FF8CF0}.Debug|Any CPU.Build.0 = Debug|Any CPU
		{9CC6CF0D-6AEA-4B9A-A8CA-5FA680FF8CF0}.Release|Any CPU.ActiveCfg = Release|Any CPU
		{9CC6CF0D-6AEA-4B9A-A8CA-5FA680FF8CF0}.Release|Any CPU.Build.0 = Release|Any CPU
		{7AE59B41-CF0A-407B-BD45-9CA7FEBBBD99}.Debug|Any CPU.ActiveCfg = Debug|Any CPU
		{7AE59B41-CF0A-407B-BD45-9CA7FEBBBD99}.Debug|Any CPU.Build.0 = Debug|Any CPU
		{7AE59B41-CF0A-407B-BD45-9CA7FEBBBD99}.Release|Any CPU.ActiveCfg = Release|Any CPU
		{7AE59B41-CF0A-407B-BD45-9CA7FEBBBD99}.Release|Any CPU.Build.0 = Release|Any CPU
		{7CDE9A07-D621-49B6-8466-E0F77F9ED6C7}.Debug|Any CPU.ActiveCfg = Debug|Any CPU
		{7CDE9A07-D621-49B6-8466-E0F77F9ED6C7}.Debug|Any CPU.Build.0 = Debug|Any CPU
		{7CDE9A07-D621-49B6-8466-E0F77F9ED6C7}.Release|Any CPU.ActiveCfg = Release|Any CPU
		{7CDE9A07-D621-49B6-8466-E0F77F9ED6C7}.Release|Any CPU.Build.0 = Release|Any CPU
	EndGlobalSection
	GlobalSection(SolutionProperties) = preSolution
		HideSolutionNode = FALSE
	EndGlobalSection
	GlobalSection(ExtensibilityGlobals) = postSolution
		SolutionGuid = {CAF9B7CF-3B10-4332-8885-49C83C5D17D8}
	EndGlobalSection
EndGlobal
